{
  "name": "leetcode",
  "version": "1.0.0",
  "lockfileVersion": 3,
  "requires": true,
  "packages": {
    "": {
      "name": "leetcode",
      "version": "1.0.0",
      "dependencies": {
        "@datastructures-js/heap": "^4.3.7"
      }
    },
    "node_modules/@datastructures-js/heap": {
      "version": "4.3.7",
      "resolved": "https://registry.npmjs.org/@datastructures-js/heap/-/heap-4.3.7.tgz",
      "integrity": "sha512-Dx4un7Uj0dVxkfoq4RkpzsY2OrvNJgQYZ3n3UlGdl88RxxdHd7oTi21/l3zoxUUe0sXFuNUrfmWqlHzqnoN6Ug==",
      "license": "MIT"
    }
  }
}
